
Microsoft Visual Studio Solution File, Format Version 12.00
# Visual Studio Version 17
VisualStudioVersion = 17.9.34701.34
MinimumVisualStudioVersion = 10.0.40219.1
Project("{FAE04EC0-301F-11D3-BF4B-00C04F79EFBC}") = "theNailGame", "theNailGame.csproj", "{5E1459A0-9AD2-40E2-B386-4E99FAC2E533}"
EndProject
Global
	GlobalSection(SolutionConfigurationPlatforms) = preSolution
		Debug|Any CPU = Debug|Any CPU
		Release|Any CPU = Release|Any CPU
	EndGlobalSection
	GlobalSection(ProjectConfigurationPlatforms) = postSolution
		{5E1459A0-9AD2-40E2-B386-4E99FAC2E533}.Debug|Any CPU.ActiveCfg = Debug|Any CPU
		{5E1459A0-9AD2-40E2-B386-4E99FAC2E533}.Debug|Any CPU.Build.0 = Debug|Any CPU
		{5E1459A0-9AD2-40E2-B386-4E99FAC2E533}.Release|Any CPU.ActiveCfg = Release|Any CPU
		{5E1459A0-9AD2-40E2-B386-4E99FAC2E533}.Release|Any CPU.Build.0 = Release|Any CPU
	EndGlobalSection
	GlobalSection(SolutionProperties) = preSolution
		HideSolutionNode = FALSE
	EndGlobalSection
	GlobalSection(ExtensibilityGlobals) = postSolution
		SolutionGuid = {D7E4A27F-9441-4966-9163-D83B0A1B68C9}
	EndGlobalSection
EndGlobal
